version = 1
revision = 3
requires-python = ">=3.13"

[[package]]
name = "anyio"
version = "4.13.0"
source = { registry = "https://pypi.org/simple" }
dependencies = [
    { name = "idna" },
]
sdist = { url = "https://files.pythonhosted.org/packages/19/14/2c5dd9f512b66549ae92767a9c7b330ae88e1932ca57876909410251fe13/anyio-4.13.0.tar.gz", hash = "sha256:334b70e641fd2221c1505b3890c69882fe4a2df910cba14d97019b90b24439dc", size = 231622, upload-time = "2026-03-24T12:59:09.671Z" }
wheels = [
    { url = "https://files.pythonhosted.org/packages/da/42/e921fccf5015463e32a3cf6ee7f980a6ed0f395ceeaa45060b61d86486c2/anyio-4.13.0-py3-none-any.whl", hash = "sha256:08b310f9e24a9594186fd75b4f73f4a4152069e3853f1ed8bfbf58369f4ad708", size = 114353, upload-time = "2026-03-24T12:59:08.246Z" },
]

[[package]]
name = "dill"
version = "0.4.1"
source = { registry = "https://pypi.org/simple" }
sdist = { url = "https://files.pythonhosted.org/packages/81/e1/56027a71e31b02ddc53c7d65b01e68edf64dea2932122fe7746a516f75d5/dill-0.4.1.tar.gz", hash = "sha256:423092df4182177d4d8ba8290c8a5b640c66ab35ec7da59ccfa00f6fa3eea5fa", size = 187315, upload-time = "2026-01-19T02:36:56.85Z" }
wheels = [
    { url = "https://files.pythonhosted.org/packages/1e/77/dc8c558f7593132cf8fefec57c4f60c83b16941c574ac5f619abb3ae7933/dill-0.4.1-py3-none-any.whl", hash = "sha256:1e1ce33e978ae97fcfcff5638477032b801c46c7c65cf717f95fbc2248f79a9d", size = 120019, upload-time = "2026-01-19T02:36:55.663Z" },
]

[[package]]
name = "doit"
version = "0.37.0"
source = { registry = "https://pypi.org/simple" }
sdist = { url = "https://files.pythonhosted.org/packages/35/f6/3a817d438799bda4d4e5fd136175cf7c328c074fadc1422dec3b374907e7/doit-0.37.0.tar.gz", hash = "sha256:d3c72e0e46a8fa1ddabea8f830762402dee090caf33c30c2295ac7010db8f09c", size = 1450967, upload-time = "2026-02-09T07:02:15.578Z" }
wheels = [
    { url = "https://files.pythonhosted.org/packages/9c/38/3d6dcbf8379cb86d71a2325210ca3469a33767d8254b74d8c343db26ce87/doit-0.37.0-py3-none-any.whl", hash = "sha256:a9f181566aa90faac515e276f85e6526019554ed7e13c12cf9dc094ffecf3e1b", size = 85780, upload-time = "2026-02-09T07:02:10.155Z" },
]

[[package]]
name = "doit-watch"
version = "0.1.0"
source = { registry = "https://pypi.org/simple" }
dependencies = [
    { name = "multiprocess" },
    { name = "watchfiles" },
]
sdist = { url = "https://files.pythonhosted.org/packages/67/e7/8992a2b168c32baa6eb17975b549992bc708354730c28243c5cee69436d4/doit_watch-0.1.0.tar.gz", hash = "sha256:7b19d125cc0a147ed461e610edd4d85ee1d47719cbf36cde265719af018c84ff", size = 3853, upload-time = "2023-12-09T18:03:10.573Z" }
wheels = [
    { url = "https://files.pythonhosted.org/packages/7d/c7/ccdec366ae2ea729b381d3566c33e4ee6b85a52eb315196edb5e544960b5/doit_watch-0.1.0-py3-none-any.whl", hash = "sha256:934f0a53106cfb4f79a196517207f276e56853613b9fc16d5e5da2502a1083de", size = 4650, upload-time = "2023-12-09T18:03:08.62Z" },
]

[[package]]
name = "idna"
version = "3.13"
source = { registry = "https://pypi.org/simple" }
sdist = { url = "https://files.pythonhosted.org/packages/ce/cc/762dfb036166873f0059f3b7de4565e1b5bc3d6f28a414c13da27e442f99/idna-3.13.tar.gz", hash = "sha256:585ea8fe5d69b9181ec1afba340451fba6ba764af97026f92a91d4eef164a242", size = 194210, upload-time = "2026-04-22T16:42:42.314Z" }
wheels = [
    { url = "https://files.pythonhosted.org/packages/5d/13/ad7d7ca3808a898b4612b6fe93cde56b53f3034dcde235acb1f0e1df24c6/idna-3.13-py3-none-any.whl", hash = "sha256:892ea0cde124a99ce773decba204c5552b69c3c67ffd5f232eb7696135bc8bb3", size = 68629, upload-time = "2026-04-22T16:42:40.909Z" },
]

[[package]]
name = "multiprocess"
version = "0.70.19"
source = { registry = "https://pypi.org/simple" }
dependencies = [
    { name = "dill" },
]
sdist = { url = "https://files.pythonhosted.org/packages/a2/f2/e783ac7f2aeeed14e9e12801f22529cc7e6b7ab80928d6dcce4e9f00922d/multiprocess-0.70.19.tar.gz", hash = "sha256:952021e0e6c55a4a9fe4cd787895b86e239a40e76802a789d6305398d3975897", size = 2079989, upload-time = "2026-01-19T06:47:39.744Z" }
wheels = [
    { url = "https://files.pythonhosted.org/packages/e3/45/8004d1e6b9185c1a444d6b55ac5682acf9d98035e54386d967366035a03a/multiprocess-0.70.19-py310-none-any.whl", hash = "sha256:97404393419dcb2a8385910864eedf47a3cadf82c66345b44f036420eb0b5d87", size = 134948, upload-time = "2026-01-19T06:47:32.325Z" },
    { url = "https://files.pythonhosted.org/packages/86/c2/dec9722dc3474c164a0b6bcd9a7ed7da542c98af8cabce05374abab35edd/multiprocess-0.70.19-py311-none-any.whl", hash = "sha256:928851ae7973aea4ce0eaf330bbdafb2e01398a91518d5c8818802845564f45c", size = 144457, upload-time = "2026-01-19T06:47:33.711Z" },
    { url = "https://files.pythonhosted.org/packages/71/70/38998b950a97ea279e6bd657575d22d1a2047256caf707d9a10fbce4f065/multiprocess-0.70.19-py312-none-any.whl", hash = "sha256:3a56c0e85dd5025161bac5ce138dcac1e49174c7d8e74596537e729fd5c53c28", size = 150281, upload-time = "2026-01-19T06:47:35.037Z" },
    { url = "https://files.pythonhosted.org/packages/7f/74/d2c27e03cb84251dfe7249b8e82923643c6d48fa4883b9476b025e7dc7eb/multiprocess-0.70.19-py313-none-any.whl", hash = "sha256:8d5eb4ec5017ba2fab4e34a747c6d2c2b6fecfe9e7236e77988db91580ada952", size = 156414, upload-time = "2026-01-19T06:47:35.915Z" },
    { url = "https://files.pythonhosted.org/packages/a0/61/af9115673a5870fd885247e2f1b68c4f1197737da315b520a91c757a861a/multiprocess-0.70.19-py314-none-any.whl", hash = "sha256:e8cc7fbdff15c0613f0a1f1f8744bef961b0a164c0ca29bdff53e9d2d93c5e5f", size = 160318, upload-time = "2026-01-19T06:47:37.497Z" },
    { url = "https://files.pythonhosted.org/packages/7e/82/69e539c4c2027f1e1697e09aaa2449243085a0edf81ae2c6341e84d769b6/multiprocess-0.70.19-py39-none-any.whl", hash = "sha256:0d4b4397ed669d371c81dcd1ef33fd384a44d6c3de1bd0ca7ac06d837720d3c5", size = 133477, upload-time = "2026-01-19T06:47:38.619Z" },
]

[[package]]
name = "rebelpotato-github-io"
version = "0.1.0"
source = { virtual = "." }
dependencies = [
    { name = "doit" },
    { name = "doit-watch" },
]

[package.metadata]
requires-dist = [
    { name = "doit", specifier = ">=0.37.0" },
    { name = "doit-watch", specifier = ">=0.1.0" },
]

[[package]]
name = "watchfiles"
version = "0.21.0"
source = { registry = "https://pypi.org/simple" }
dependencies = [
    { name = "anyio" },
]
sdist = { url = "https://files.pythonhosted.org/packages/66/79/0ee412e1228aaf6f9568aa180b43cb482472de52560fbd7c283c786534af/watchfiles-0.21.0.tar.gz", hash = "sha256:c76c635fabf542bb78524905718c39f736a98e5ab25b23ec6d4abede1a85a6a3", size = 37098, upload-time = "2023-10-13T13:06:39.809Z" }
